
Microsoft Visual Studio Solution File, Format Version 12.00
# Visual Studio Version 17
VisualStudioVersion = 17.0.31903.59
MinimumVisualStudioVersion = 10.0.40219.1
Project("{2150E333-8FDC-42A3-9474-1A3956D46DE8}") = "src", "src", "{827E0CD3-B72D-47B6-A68D-7590B98EB39B}"
EndProject
Project("{FAE04EC0-301F-11D3-BF4B-00C04F79EFBC}") = "FootballAnalytics.Domain", "src\FootballAnalytics.Domain\FootballAnalytics.Domain.csproj", "{3ED858F8-6F4D-4D06-A376-1EBFA3F75518}"
EndProject
Project("{FAE04EC0-301F-11D3-BF4B-00C04F79EFBC}") = "FootballAnalytics.Application", "src\FootballAnalytics.Application\FootballAnalytics.Application.csproj", "{E0BDE0BD-1AE7-4C27-B819-916203F98CA4}"
EndProject
Project("{FAE04EC0-301F-11D3-BF4B-00C04F79EFBC}") = "FootballAnalytics.Infrastructure", "src\FootballAnalytics.Infrastructure\FootballAnalytics.Infrastructure.csproj", "{1305F33C-4765-4A65-BF5D-A1F5ED2CB173}"
EndProject
Project("{FAE04EC0-301F-11D3-BF4B-00C04F79EFBC}") = "FootballAnalytics.Ingestion", "src\FootballAnalytics.Ingestion\FootballAnalytics.Ingestion.csproj", "{653347D7-DF48-4F25-880B-0DD6BF70EDC4}"
EndProject
Project("{FAE04EC0-301F-11D3-BF4B-00C04F79EFBC}") = "FootballAnalytics.Analytics", "src\FootballAnalytics.Analytics\FootballAnalytics.Analytics.csproj", "{19139292-CC92-450A-9789-1D49CE271092}"
EndProject
Project("{FAE04EC0-301F-11D3-BF4B-00C04F79EFBC}") = "FootballAnalytics.Api", "src\FootballAnalytics.Api\FootballAnalytics.Api.csproj", "{A8F89BC9-89CB-41E3-8536-3EE8DF9F8CED}"
EndProject
Project("{FAE04EC0-301F-11D3-BF4B-00C04F79EFBC}") = "FootballAnalytics.Web", "src\FootballAnalytics.Web\FootballAnalytics.Web.csproj", "{2F2603D7-4086-4BE2-8BB2-6E45BC3709AB}"
EndProject
Project("{2150E333-8FDC-42A3-9474-1A3956D46DE8}") = "tests", "tests", "{0AB3BF05-4346-4AA6-1389-037BE0695223}"
EndProject
Project("{FAE04EC0-301F-11D3-BF4B-00C04F79EFBC}") = "FootballAnalytics.UnitTests", "tests\FootballAnalytics.UnitTests\FootballAnalytics.UnitTests.csproj", "{7746EDC4-DA70-4709-8317-F9DAD61C3688}"
EndProject
Project("{FAE04EC0-301F-11D3-BF4B-00C04F79EFBC}") = "FootballAnalytics.IntegrationTests", "tests\FootballAnalytics.IntegrationTests\FootballAnalytics.IntegrationTests.csproj", "{32766B1D-C20F-4FD2-8E7F-5EAEC54C0D88}"
EndProject
Project("{FAE04EC0-301F-11D3-BF4B-00C04F79EFBC}") = "FootballAnalytics.DatabaseMigrator", "src\FootballAnalytics.DatabaseMigrator\FootballAnalytics.DatabaseMigrator.csproj", "{E16D1410-7B55-4311-AE32-279A4AD2C995}"
EndProject
Global
	GlobalSection(SolutionConfigurationPlatforms) = preSolution
		Debug|Any CPU = Debug|Any CPU
		Debug|x64 = Debug|x64
		Debug|x86 = Debug|x86
		Release|Any CPU = Release|Any CPU
		Release|x64 = Release|x64
		Release|x86 = Release|x86
	EndGlobalSection
	GlobalSection(ProjectConfigurationPlatforms) = postSolution
		{3ED858F8-6F4D-4D06-A376-1EBFA3F75518}.Debug|Any CPU.ActiveCfg = Debug|Any CPU
		{3ED858F8-6F4D-4D06-A376-1EBFA3F75518}.Debug|Any CPU.Build.0 = Debug|Any CPU
		{3ED858F8-6F4D-4D06-A376-1EBFA3F75518}.Debug|x64.ActiveCfg = Debug|Any CPU
		{3ED858F8-6F4D-4D06-A376-1EBFA3F75518}.Debug|x64.Build.0 = Debug|Any CPU
		{3ED858F8-6F4D-4D06-A376-1EBFA3F75518}.Debug|x86.ActiveCfg = Debug|Any CPU
		{3ED858F8-6F4D-4D06-A376-1EBFA3F75518}.Debug|x86.Build.0 = Debug|Any CPU
		{3ED858F8-6F4D-4D06-A376-1EBFA3F75518}.Release|Any CPU.ActiveCfg = Release|Any CPU
		{3ED858F8-6F4D-4D06-A376-1EBFA3F75518}.Release|Any CPU.Build.0 = Release|Any CPU
		{3ED858F8-6F4D-4D06-A376-1EBFA3F75518}.Release|x64.ActiveCfg = Release|Any CPU
		{3ED858F8-6F4D-4D06-A376-1EBFA3F75518}.Release|x64.Build.0 = Release|Any CPU
		{3ED858F8-6F4D-4D06-A376-1EBFA3F75518}.Release|x86.ActiveCfg = Release|Any CPU
		{3ED858F8-6F4D-4D06-A376-1EBFA3F75518}.Release|x86.Build.0 = Release|Any CPU
		{E0BDE0BD-1AE7-4C27-B819-916203F98CA4}.Debug|Any CPU.ActiveCfg = Debug|Any CPU
		{E0BDE0BD-1AE7-4C27-B819-916203F98CA4}.Debug|Any CPU.Build.0 = Debug|Any CPU
		{E0BDE0BD-1AE7-4C27-B819-916203F98CA4}.Debug|x64.ActiveCfg = Debug|Any CPU
		{E0BDE0BD-1AE7-4C27-B819-916203F98CA4}.Debug|x64.Build.0 = Debug|Any CPU
		{E0BDE0BD-1AE7-4C27-B819-916203F98CA4}.Debug|x86.ActiveCfg = Debug|Any CPU
		{E0BDE0BD-1AE7-4C27-B819-916203F98CA4}.Debug|x86.Build.0 = Debug|Any CPU
		{E0BDE0BD-1AE7-4C27-B819-916203F98CA4}.Release|Any CPU.ActiveCfg = Release|Any CPU
		{E0BDE0BD-1AE7-4C27-B819-916203F98CA4}.Release|Any CPU.Build.0 = Release|Any CPU
		{E0BDE0BD-1AE7-4C27-B819-916203F98CA4}.Release|x64.ActiveCfg = Release|Any CPU
		{E0BDE0BD-1AE7-4C27-B819-916203F98CA4}.Release|x64.Build.0 = Release|Any CPU
		{E0BDE0BD-1AE7-4C27-B819-916203F98CA4}.Release|x86.ActiveCfg = Release|Any CPU
		{E0BDE0BD-1AE7-4C27-B819-916203F98CA4}.Release|x86.Build.0 = Release|Any CPU
		{1305F33C-4765-4A65-BF5D-A1F5ED2CB173}.Debug|Any CPU.ActiveCfg = Debug|Any CPU
		{1305F33C-4765-4A65-BF5D-A1F5ED2CB173}.Debug|Any CPU.Build.0 = Debug|Any CPU
		{1305F33C-4765-4A65-BF5D-A1F5ED2CB173}.Debug|x64.ActiveCfg = Debug|Any CPU
		{1305F33C-4765-4A65-BF5D-A1F5ED2CB173}.Debug|x64.Build.0 = Debug|Any CPU
		{1305F33C-4765-4A65-BF5D-A1F5ED2CB173}.Debug|x86.ActiveCfg = Debug|Any CPU
		{1305F33C-4765-4A65-BF5D-A1F5ED2CB173}.Debug|x86.Build.0 = Debug|Any CPU
		{1305F33C-4765-4A65-BF5D-A1F5ED2CB173}.Release|Any CPU.ActiveCfg = Release|Any CPU
		{1305F33C-4765-4A65-BF5D-A1F5ED2CB173}.Release|Any CPU.Build.0 = Release|Any CPU
		{1305F33C-4765-4A65-BF5D-A1F5ED2CB173}.Release|x64.ActiveCfg = Release|Any CPU
		{1305F33C-4765-4A65-BF5D-A1F5ED2CB173}.Release|x64.Build.0 = Release|Any CPU
		{1305F33C-4765-4A65-BF5D-A1F5ED2CB173}.Release|x86.ActiveCfg = Release|Any CPU
		{1305F33C-4765-4A65-BF5D-A1F5ED2CB173}.Release|x86.Build.0 = Release|Any CPU
		{653347D7-DF48-4F25-880B-0DD6BF70EDC4}.Debug|Any CPU.ActiveCfg = Debug|Any CPU
		{653347D7-DF48-4F25-880B-0DD6BF70EDC4}.Debug|Any CPU.Build.0 = Debug|Any CPU
		{653347D7-DF48-4F25-880B-0DD6BF70EDC4}.Debug|x64.ActiveCfg = Debug|Any CPU
		{653347D7-DF48-4F25-880B-0DD6BF70EDC4}.Debug|x64.Build.0 = Debug|Any CPU
		{653347D7-DF48-4F25-880B-0DD6BF70EDC4}.Debug|x86.ActiveCfg = Debug|Any CPU
		{653347D7-DF48-4F25-880B-0DD6BF70EDC4}.Debug|x86.Build.0 = Debug|Any CPU
		{653347D7-DF48-4F25-880B-0DD6BF70EDC4}.Release|Any CPU.ActiveCfg = Release|Any CPU
		{653347D7-DF48-4F25-880B-0DD6BF70EDC4}.Release|Any CPU.Build.0 = Release|Any CPU
		{653347D7-DF48-4F25-880B-0DD6BF70EDC4}.Release|x64.ActiveCfg = Release|Any CPU
		{653347D7-DF48-4F25-880B-0DD6BF70EDC4}.Release|x64.Build.0 = Release|Any CPU
		{653347D7-DF48-4F25-880B-0DD6BF70EDC4}.Release|x86.ActiveCfg = Release|Any CPU
		{653347D7-DF48-4F25-880B-0DD6BF70EDC4}.Release|x86.Build.0 = Release|Any CPU
		{19139292-CC92-450A-9789-1D49CE271092}.Debug|Any CPU.ActiveCfg = Debug|Any CPU
		{19139292-CC92-450A-9789-1D49CE271092}.Debug|Any CPU.Build.0 = Debug|Any CPU
		{19139292-CC92-450A-9789-1D49CE271092}.Debug|x64.ActiveCfg = Debug|Any CPU
		{19139292-CC92-450A-9789-1D49CE271092}.Debug|x64.Build.0 = Debug|Any CPU
		{19139292-CC92-450A-9789-1D49CE271092}.Debug|x86.ActiveCfg = Debug|Any CPU
		{19139292-CC92-450A-9789-1D49CE271092}.Debug|x86.Build.0 = Debug|Any CPU
		{19139292-CC92-450A-9789-1D49CE271092}.Release|Any CPU.ActiveCfg = Release|Any CPU
		{19139292-CC92-450A-9789-1D49CE271092}.Release|Any CPU.Build.0 = Release|Any CPU
		{19139292-CC92-450A-9789-1D49CE271092}.Release|x64.ActiveCfg = Release|Any CPU
		{19139292-CC92-450A-9789-1D49CE271092}.Release|x64.Build.0 = Release|Any CPU
		{19139292-CC92-450A-9789-1D49CE271092}.Release|x86.ActiveCfg = Release|Any CPU
		{19139292-CC92-450A-9789-1D49CE271092}.Release|x86.Build.0 = Release|Any CPU
		{A8F89BC9-89CB-41E3-8536-3EE8DF9F8CED}.Debug|Any CPU.ActiveCfg = Debug|Any CPU
		{A8F89BC9-89CB-41E3-8536-3EE8DF9F8CED}.Debug|Any CPU.Build.0 = Debug|Any CPU
		{A8F89BC9-89CB-41E3-8536-3EE8DF9F8CED}.Debug|x64.ActiveCfg = Debug|Any CPU
		{A8F89BC9-89CB-41E3-8536-3EE8DF9F8CED}.Debug|x64.Build.0 = Debug|Any CPU
		{A8F89BC9-89CB-41E3-8536-3EE8DF9F8CED}.Debug|x86.ActiveCfg = Debug|Any CPU
		{A8F89BC9-89CB-41E3-8536-3EE8DF9F8CED}.Debug|x86.Build.0 = Debug|Any CPU
		{A8F89BC9-89CB-41E3-8536-3EE8DF9F8CED}.Release|Any CPU.ActiveCfg = Release|Any CPU
		{A8F89BC9-89CB-41E3-8536-3EE8DF9F8CED}.Release|Any CPU.Build.0 = Release|Any CPU
		{A8F89BC9-89CB-41E3-8536-3EE8DF9F8CED}.Release|x64.ActiveCfg = Release|Any CPU
		{A8F89BC9-89CB-41E3-8536-3EE8DF9F8CED}.Release|x64.Build.0 = Release|Any CPU
		{A8F89BC9-89CB-41E3-8536-3EE8DF9F8CED}.Release|x86.ActiveCfg = Release|Any CPU
		{A8F89BC9-89CB-41E3-8536-3EE8DF9F8CED}.Release|x86.Build.0 = Release|Any CPU
		{2F2603D7-4086-4BE2-8BB2-6E45BC3709AB}.Debug|Any CPU.ActiveCfg = Debug|Any CPU
		{2F2603D7-4086-4BE2-8BB2-6E45BC3709AB}.Debug|Any CPU.Build.0 = Debug|Any CPU
		{2F2603D7-4086-4BE2-8BB2-6E45BC3709AB}.Debug|x64.ActiveCfg = Debug|Any CPU
		{2F2603D7-4086-4BE2-8BB2-6E45BC3709AB}.Debug|x64.Build.0 = Debug|Any CPU
		{2F2603D7-4086-4BE2-8BB2-6E45BC3709AB}.Debug|x86.ActiveCfg = Debug|Any CPU
		{2F2603D7-4086-4BE2-8BB2-6E45BC3709AB}.Debug|x86.Build.0 = Debug|Any CPU
		{2F2603D7-4086-4BE2-8BB2-6E45BC3709AB}.Release|Any CPU.ActiveCfg = Release|Any CPU
		{2F2603D7-4086-4BE2-8BB2-6E45BC3709AB}.Release|Any CPU.Build.0 = Release|Any CPU
		{2F2603D7-4086-4BE2-8BB2-6E45BC3709AB}.Release|x64.ActiveCfg = Release|Any CPU
		{2F2603D7-4086-4BE2-8BB2-6E45BC3709AB}.Release|x64.Build.0 = Release|Any CPU
		{2F2603D7-4086-4BE2-8BB2-6E45BC3709AB}.Release|x86.ActiveCfg = Release|Any CPU
		{2F2603D7-4086-4BE2-8BB2-6E45BC3709AB}.Release|x86.Build.0 = Release|Any CPU
		{7746EDC4-DA70-4709-8317-F9DAD61C3688}.Debug|Any CPU.ActiveCfg = Debug|Any CPU
		{7746EDC4-DA70-4709-8317-F9DAD61C3688}.Debug|Any CPU.Build.0 = Debug|Any CPU
		{7746EDC4-DA70-4709-8317-F9DAD61C3688}.Debug|x64.ActiveCfg = Debug|Any CPU
		{7746EDC4-DA70-4709-8317-F9DAD61C3688}.Debug|x64.Build.0 = Debug|Any CPU
		{7746EDC4-DA70-4709-8317-F9DAD61C3688}.Debug|x86.ActiveCfg = Debug|Any CPU
		{7746EDC4-DA70-4709-8317-F9DAD61C3688}.Debug|x86.Build.0 = Debug|Any CPU
		{7746EDC4-DA70-4709-8317-F9DAD61C3688}.Release|Any CPU.ActiveCfg = Release|Any CPU
		{7746EDC4-DA70-4709-8317-F9DAD61C3688}.Release|Any CPU.Build.0 = Release|Any CPU
		{7746EDC4-DA70-4709-8317-F9DAD61C3688}.Release|x64.ActiveCfg = Release|Any CPU
		{7746EDC4-DA70-4709-8317-F9DAD61C3688}.Release|x64.Build.0 = Release|Any CPU
		{7746EDC4-DA70-4709-8317-F9DAD61C3688}.Release|x86.ActiveCfg = Release|Any CPU
		{7746EDC4-DA70-4709-8317-F9DAD61C3688}.Release|x86.Build.0 = Release|Any CPU
		{32766B1D-C20F-4FD2-8E7F-5EAEC54C0D88}.Debug|Any CPU.ActiveCfg = Debug|Any CPU
		{32766B1D-C20F-4FD2-8E7F-5EAEC54C0D88}.Debug|Any CPU.Build.0 = Debug|Any CPU
		{32766B1D-C20F-4FD2-8E7F-5EAEC54C0D88}.Debug|x64.ActiveCfg = Debug|Any CPU
		{32766B1D-C20F-4FD2-8E7F-5EAEC54C0D88}.Debug|x64.Build.0 = Debug|Any CPU
		{32766B1D-C20F-4FD2-8E7F-5EAEC54C0D88}.Debug|x86.ActiveCfg = Debug|Any CPU
		{32766B1D-C20F-4FD2-8E7F-5EAEC54C0D88}.Debug|x86.Build.0 = Debug|Any CPU
		{32766B1D-C20F-4FD2-8E7F-5EAEC54C0D88}.Release|Any CPU.ActiveCfg = Release|Any CPU
		{32766B1D-C20F-4FD2-8E7F-5EAEC54C0D88}.Release|Any CPU.Build.0 = Release|Any CPU
		{32766B1D-C20F-4FD2-8E7F-5EAEC54C0D88}.Release|x64.ActiveCfg = Release|Any CPU
		{32766B1D-C20F-4FD2-8E7F-5EAEC54C0D88}.Release|x64.Build.0 = Release|Any CPU
		{32766B1D-C20F-4FD2-8E7F-5EAEC54C0D88}.Release|x86.ActiveCfg = Release|Any CPU
		{32766B1D-C20F-4FD2-8E7F-5EAEC54C0D88}.Release|x86.Build.0 = Release|Any CPU
		{E16D1410-7B55-4311-AE32-279A4AD2C995}.Debug|Any CPU.ActiveCfg = Debug|Any CPU
		{E16D1410-7B55-4311-AE32-279A4AD2C995}.Debug|Any CPU.Build.0 = Debug|Any CPU
		{E16D1410-7B55-4311-AE32-279A4AD2C995}.Debug|x64.ActiveCfg = Debug|Any CPU
		{E16D1410-7B55-4311-AE32-279A4AD2C995}.Debug|x64.Build.0 = Debug|Any CPU
		{E16D1410-7B55-4311-AE32-279A4AD2C995}.Debug|x86.ActiveCfg = Debug|Any CPU
		{E16D1410-7B55-4311-AE32-279A4AD2C995}.Debug|x86.Build.0 = Debug|Any CPU
		{E16D1410-7B55-4311-AE32-279A4AD2C995}.Release|Any CPU.ActiveCfg = Release|Any CPU
		{E16D1410-7B55-4311-AE32-279A4AD2C995}.Release|Any CPU.Build.0 = Release|Any CPU
		{E16D1410-7B55-4311-AE32-279A4AD2C995}.Release|x64.ActiveCfg = Release|Any CPU
		{E16D1410-7B55-4311-AE32-279A4AD2C995}.Release|x64.Build.0 = Release|Any CPU
		{E16D1410-7B55-4311-AE32-279A4AD2C995}.Release|x86.ActiveCfg = Release|Any CPU
		{E16D1410-7B55-4311-AE32-279A4AD2C995}.Release|x86.Build.0 = Release|Any CPU
	EndGlobalSection
	GlobalSection(SolutionProperties) = preSolution
		HideSolutionNode = FALSE
	EndGlobalSection
	GlobalSection(NestedProjects) = preSolution
		{3ED858F8-6F4D-4D06-A376-1EBFA3F75518} = {827E0CD3-B72D-47B6-A68D-7590B98EB39B}
		{E0BDE0BD-1AE7-4C27-B819-916203F98CA4} = {827E0CD3-B72D-47B6-A68D-7590B98EB39B}
		{1305F33C-4765-4A65-BF5D-A1F5ED2CB173} = {827E0CD3-B72D-47B6-A68D-7590B98EB39B}
		{653347D7-DF48-4F25-880B-0DD6BF70EDC4} = {827E0CD3-B72D-47B6-A68D-7590B98EB39B}
		{19139292-CC92-450A-9789-1D49CE271092} = {827E0CD3-B72D-47B6-A68D-7590B98EB39B}
		{A8F89BC9-89CB-41E3-8536-3EE8DF9F8CED} = {827E0CD3-B72D-47B6-A68D-7590B98EB39B}
		{2F2603D7-4086-4BE2-8BB2-6E45BC3709AB} = {827E0CD3-B72D-47B6-A68D-7590B98EB39B}
		{7746EDC4-DA70-4709-8317-F9DAD61C3688} = {0AB3BF05-4346-4AA6-1389-037BE0695223}
		{32766B1D-C20F-4FD2-8E7F-5EAEC54C0D88} = {0AB3BF05-4346-4AA6-1389-037BE0695223}
		{E16D1410-7B55-4311-AE32-279A4AD2C995} = {827E0CD3-B72D-47B6-A68D-7590B98EB39B}
	EndGlobalSection
EndGlobal
